
Microsoft Visual Studio Solution File, Format Version 12.00
# Visual Studio 15
VisualStudioVersion = 15.0.28010.2048
MinimumVisualStudioVersion = 10.0.40219.1
Project("{FAE04EC0-301F-11D3-BF4B-00C04F79EFBC}") = "ConsoleApp3", "ConsoleApp3\ConsoleApp3.csproj", "{061A2B7B-E675-40E8-AC2E-AF1B9981CA1F}"
EndProject
Global
	GlobalSection(SolutionConfigurationPlatforms) = preSolution
		Debug|Any CPU = Debug|Any CPU
		Release|Any CPU = Release|Any CPU
	EndGlobalSection
	GlobalSection(ProjectConfigurationPlatforms) = postSolution
		{061A2B7B-E675-40E8-AC2E-AF1B9981CA1F}.Debug|Any CPU.ActiveCfg = Debug|Any CPU
		{061A2B7B-E675-40E8-AC2E-AF1B9981CA1F}.Debug|Any CPU.Build.0 = Debug|Any CPU
		{061A2B7B-E675-40E8-AC2E-AF1B9981CA1F}.Release|Any CPU.ActiveCfg = Release|Any CPU
		{061A2B7B-E675-40E8-AC2E-AF1B9981CA1F}.Release|Any CPU.Build.0 = Release|Any CPU
	EndGlobalSection
	GlobalSection(SolutionProperties) = preSolution
		HideSolutionNode = FALSE
	EndGlobalSection
	GlobalSection(ExtensibilityGlobals) = postSolution
		SolutionGuid = {D075D9F3-E9EA-4B54-B6D6-2F974812C722}
	EndGlobalSection
EndGlobal
